
Microsoft Visual Studio Solution File, Format Version 12.00
# Visual Studio 15
VisualStudioVersion = 15.0.28307.645
MinimumVisualStudioVersion = 10.0.40219.1
Project("{FAE04EC0-301F-11D3-BF4B-00C04F79EFBC}") = "ScreenRecorder", "ScreenRecorder\ScreenRecorder.csproj", "{539746AE-A1D4-48BA-870C-CEFD1A9EED0A}"
EndProject
Global
	GlobalSection(SolutionConfigurationPlatforms) = preSolution
		Debug|Any CPU = Debug|Any CPU
		Release|Any CPU = Release|Any CPU
	EndGlobalSection
	GlobalSection(ProjectConfigurationPlatforms) = postSolution
		{539746AE-A1D4-48BA-870C-CEFD1A9EED0A}.Debug|Any CPU.ActiveCfg = Debug|Any CPU
		{539746AE-A1D4-48BA-870C-CEFD1A9EED0A}.Debug|Any CPU.Build.0 = Debug|Any CPU
		{539746AE-A1D4-48BA-870C-CEFD1A9EED0A}.Release|Any CPU.ActiveCfg = Release|Any CPU
		{539746AE-A1D4-48BA-870C-CEFD1A9EED0A}.Release|Any CPU.Build.0 = Release|Any CPU
	EndGlobalSection
	GlobalSection(SolutionProperties) = preSolution
		HideSolutionNode = FALSE
	EndGlobalSection
	GlobalSection(ExtensibilityGlobals) = postSolution
		SolutionGuid = {B562DE45-4436-42E6-B47F-4F7394A41777}
	EndGlobalSection
EndGlobal
